
Microsoft Visual Studio Solution File, Format Version 12.00
# Visual Studio Version 16
VisualStudioVersion = 16.0.31729.503
MinimumVisualStudioVersion = 10.0.40219.1
Project("{FAE04EC0-301F-11D3-BF4B-00C04F79EFBC}") = "DailyReport", "DailyReport.csproj", "{996DA82B-44D9-4E6C-8460-C521D6D29668}"
EndProject
Global
	GlobalSection(SolutionConfigurationPlatforms) = preSolution
		Debug|Any CPU = Debug|Any CPU
		Release|Any CPU = Release|Any CPU
	EndGlobalSection
	GlobalSection(ProjectConfigurationPlatforms) = postSolution
		{996DA82B-44D9-4E6C-8460-C521D6D29668}.Debug|Any CPU.ActiveCfg = Debug|Any CPU
		{996DA82B-44D9-4E6C-8460-C521D6D29668}.Debug|Any CPU.Build.0 = Debug|Any CPU
		{996DA82B-44D9-4E6C-8460-C521D6D29668}.Release|Any CPU.ActiveCfg = Release|Any CPU
		{996DA82B-44D9-4E6C-8460-C521D6D29668}.Release|Any CPU.Build.0 = Release|Any CPU
	EndGlobalSection
	GlobalSection(SolutionProperties) = preSolution
		HideSolutionNode = FALSE
	EndGlobalSection
	GlobalSection(ExtensibilityGlobals) = postSolution
		SolutionGuid = {5ADACBF1-1569-4B3A-9246-9BC7CCB2B97F}
	EndGlobalSection
EndGlobal
