
Microsoft Visual Studio Solution File, Format Version 12.00
# Visual Studio Version 16
VisualStudioVersion = 16.0.31729.503
MinimumVisualStudioVersion = 10.0.40219.1
Project("{FAE04EC0-301F-11D3-BF4B-00C04F79EFBC}") = "Enum_Project_Alpha", "Enum_Project_Alpha.csproj", "{81186E25-6FDE-40BD-BAB9-CAD560B74456}"
EndProject
Global
	GlobalSection(SolutionConfigurationPlatforms) = preSolution
		Debug|Any CPU = Debug|Any CPU
		Release|Any CPU = Release|Any CPU
	EndGlobalSection
	GlobalSection(ProjectConfigurationPlatforms) = postSolution
		{81186E25-6FDE-40BD-BAB9-CAD560B74456}.Debug|Any CPU.ActiveCfg = Debug|Any CPU
		{81186E25-6FDE-40BD-BAB9-CAD560B74456}.Debug|Any CPU.Build.0 = Debug|Any CPU
		{81186E25-6FDE-40BD-BAB9-CAD560B74456}.Release|Any CPU.ActiveCfg = Release|Any CPU
		{81186E25-6FDE-40BD-BAB9-CAD560B74456}.Release|Any CPU.Build.0 = Release|Any CPU
	EndGlobalSection
	GlobalSection(SolutionProperties) = preSolution
		HideSolutionNode = FALSE
	EndGlobalSection
	GlobalSection(ExtensibilityGlobals) = postSolution
		SolutionGuid = {B6AEB738-4F57-424F-B552-4F17B40A3374}
	EndGlobalSection
EndGlobal
