
Microsoft Visual Studio Solution File, Format Version 12.00
# Visual Studio Version 16
VisualStudioVersion = 16.0.31729.503
MinimumVisualStudioVersion = 10.0.40219.1
Project("{FAE04EC0-301F-11D3-BF4B-00C04F79EFBC}") = "App_Of_Arrays", "App_Of_Arrays.csproj", "{D8B2D59B-CEA1-4E9C-BC89-7A07E44B0571}"
EndProject
Global
	GlobalSection(SolutionConfigurationPlatforms) = preSolution
		Debug|Any CPU = Debug|Any CPU
		Release|Any CPU = Release|Any CPU
	EndGlobalSection
	GlobalSection(ProjectConfigurationPlatforms) = postSolution
		{D8B2D59B-CEA1-4E9C-BC89-7A07E44B0571}.Debug|Any CPU.ActiveCfg = Debug|Any CPU
		{D8B2D59B-CEA1-4E9C-BC89-7A07E44B0571}.Debug|Any CPU.Build.0 = Debug|Any CPU
		{D8B2D59B-CEA1-4E9C-BC89-7A07E44B0571}.Release|Any CPU.ActiveCfg = Release|Any CPU
		{D8B2D59B-CEA1-4E9C-BC89-7A07E44B0571}.Release|Any CPU.Build.0 = Release|Any CPU
	EndGlobalSection
	GlobalSection(SolutionProperties) = preSolution
		HideSolutionNode = FALSE
	EndGlobalSection
	GlobalSection(ExtensibilityGlobals) = postSolution
		SolutionGuid = {8F3F004B-7D21-48DF-B37D-E749268F79A5}
	EndGlobalSection
EndGlobal
